
Microsoft Visual Studio Solution File, Format Version 12.00
# Visual Studio Version 16
VisualStudioVersion = 16.0.30114.105
MinimumVisualStudioVersion = 10.0.40219.1
Project("{FAE04EC0-301F-11D3-BF4B-00C04F79EFBC}") = "ExploreCalifornia", "ExploreCalifornia\ExploreCalifornia.csproj", "{C346E4B7-B8F5-47CC-B197-B66571AAD4C0}"
EndProject
Global
	GlobalSection(SolutionConfigurationPlatforms) = preSolution
		Debug|Any CPU = Debug|Any CPU
		Release|Any CPU = Release|Any CPU
	EndGlobalSection
	GlobalSection(ProjectConfigurationPlatforms) = postSolution
		{C346E4B7-B8F5-47CC-B197-B66571AAD4C0}.Debug|Any CPU.ActiveCfg = Debug|Any CPU
		{C346E4B7-B8F5-47CC-B197-B66571AAD4C0}.Debug|Any CPU.Build.0 = Debug|Any CPU
		{C346E4B7-B8F5-47CC-B197-B66571AAD4C0}.Release|Any CPU.ActiveCfg = Release|Any CPU
		{C346E4B7-B8F5-47CC-B197-B66571AAD4C0}.Release|Any CPU.Build.0 = Release|Any CPU
	EndGlobalSection
	GlobalSection(SolutionProperties) = preSolution
		HideSolutionNode = FALSE
	EndGlobalSection
	GlobalSection(ExtensibilityGlobals) = postSolution
		SolutionGuid = {21D33D95-9ABE-41DC-B287-469D96C37E05}
	EndGlobalSection
EndGlobal
